
Microsoft Visual Studio Solution File, Format Version 12.00
# Visual Studio Version 17
VisualStudioVersion = 17.11.35208.52
MinimumVisualStudioVersion = 10.0.40219.1
Project("{9A19103F-16F7-4668-BE54-9A1E7A4F7556}") = "CookBook.WebApi", "CookBook.WebApi\CookBook.WebApi.csproj", "{4CED4D7B-499E-424B-8694-561634EFB41C}"
EndProject
Project("{FAE04EC0-301F-11D3-BF4B-00C04F79EFBC}") = "CookBook.WebApi.Tests", "CookBook.WebApi.Tests\CookBook.WebApi.Tests.csproj", "{0EB3C225-4273-419B-9BEC-5454FC085C4A}"
EndProject
Global
	GlobalSection(SolutionConfigurationPlatforms) = preSolution
		Debug|Any CPU = Debug|Any CPU
		Release|Any CPU = Release|Any CPU
	EndGlobalSection
	GlobalSection(ProjectConfigurationPlatforms) = postSolution
		{4CED4D7B-499E-424B-8694-561634EFB41C}.Debug|Any CPU.ActiveCfg = Debug|Any CPU
		{4CED4D7B-499E-424B-8694-561634EFB41C}.Debug|Any CPU.Build.0 = Debug|Any CPU
		{4CED4D7B-499E-424B-8694-561634EFB41C}.Release|Any CPU.ActiveCfg = Release|Any CPU
		{4CED4D7B-499E-424B-8694-561634EFB41C}.Release|Any CPU.Build.0 = Release|Any CPU
		{0EB3C225-4273-419B-9BEC-5454FC085C4A}.Debug|Any CPU.ActiveCfg = Debug|Any CPU
		{0EB3C225-4273-419B-9BEC-5454FC085C4A}.Debug|Any CPU.Build.0 = Debug|Any CPU
		{0EB3C225-4273-419B-9BEC-5454FC085C4A}.Release|Any CPU.ActiveCfg = Release|Any CPU
		{0EB3C225-4273-419B-9BEC-5454FC085C4A}.Release|Any CPU.Build.0 = Release|Any CPU
	EndGlobalSection
	GlobalSection(SolutionProperties) = preSolution
		HideSolutionNode = FALSE
	EndGlobalSection
	GlobalSection(ExtensibilityGlobals) = postSolution
		SolutionGuid = {6BC00348-F941-41F0-A786-82D4A0B665CC}
	EndGlobalSection
EndGlobal
